
Microsoft Visual Studio Solution File, Format Version 12.00
# Visual Studio Version 17
VisualStudioVersion = 17.13.35931.197
MinimumVisualStudioVersion = 10.0.40219.1
Project("{FAE04EC0-301F-11D3-BF4B-00C04F79EFBC}") = "IntroduccionRazor", "IntroduccionRazor\IntroduccionRazor.csproj", "{461315B2-2292-4C7E-BEAE-7301CCE5CF3B}"
EndProject
Global
	GlobalSection(SolutionConfigurationPlatforms) = preSolution
		Debug|Any CPU = Debug|Any CPU
		Release|Any CPU = Release|Any CPU
	EndGlobalSection
	GlobalSection(ProjectConfigurationPlatforms) = postSolution
		{461315B2-2292-4C7E-BEAE-7301CCE5CF3B}.Debug|Any CPU.ActiveCfg = Debug|Any CPU
		{461315B2-2292-4C7E-BEAE-7301CCE5CF3B}.Debug|Any CPU.Build.0 = Debug|Any CPU
		{461315B2-2292-4C7E-BEAE-7301CCE5CF3B}.Release|Any CPU.ActiveCfg = Release|Any CPU
		{461315B2-2292-4C7E-BEAE-7301CCE5CF3B}.Release|Any CPU.Build.0 = Release|Any CPU
	EndGlobalSection
	GlobalSection(SolutionProperties) = preSolution
		HideSolutionNode = FALSE
	EndGlobalSection
	GlobalSection(ExtensibilityGlobals) = postSolution
		SolutionGuid = {0E1EAC38-CFA5-461F-8436-E32961A9719A}
	EndGlobalSection
EndGlobal
